
Microsoft Visual Studio Solution File, Format Version 12.00
Project("{FAE04EC0-301F-11D3-BF4B-00C04F79EFBC}") = "PassKeeper.WebClient", "PassKeeper.WebClient\PassKeeper.WebClient.csproj", "{EB2967AD-A7C2-4CDC-869D-F01A31D0CF6E}"
EndProject
Project("{FAE04EC0-301F-11D3-BF4B-00C04F79EFBC}") = "PassKeeper.Core", "PassKeeper.Core\PassKeeper.Core.csproj", "{E4DB4D8C-8AE4-4044-B3D6-A1412FE34100}"
EndProject
Project("{FAE04EC0-301F-11D3-BF4B-00C04F79EFBC}") = "PassKeeper.AppWebApi", "PassKeeper.AppWebApi\PassKeeper.AppWebApi.csproj", "{F153CD4B-6C1B-459E-A327-4C2B40DBDE0E}"
EndProject
Project("{FAE04EC0-301F-11D3-BF4B-00C04F79EFBC}") = "PassKeeper.Data", "PassKeeper.Data\PassKeeper.Data.csproj", "{22AA60EC-62B0-42D0-B872-B22600A33E7A}"
EndProject
Project("{FAE04EC0-301F-11D3-BF4B-00C04F79EFBC}") = "PassKeeper.Data.Tests", "PassKeeper.Data.Tests\PassKeeper.Data.Tests.csproj", "{25AC1E33-0FAE-4B54-A47A-56DE3A1FBAEB}"
EndProject
Project("{FAE04EC0-301F-11D3-BF4B-00C04F79EFBC}") = "PassKeeper.Core.Tests", "PassKeeper.Core.Tests\PassKeeper.Core.Tests.csproj", "{5308EFC7-8DE3-4711-87C3-6660CC8A9FC1}"
EndProject
Project("{FAE04EC0-301F-11D3-BF4B-00C04F79EFBC}") = "PassKeeper.WinApp", "PassKeeper.WinApp\PassKeeper.WinApp.csproj", "{4E2C9B15-774A-46EC-881B-202663C24F20}"
EndProject
Global
	GlobalSection(SolutionConfigurationPlatforms) = preSolution
		Debug|Any CPU = Debug|Any CPU
		Release|Any CPU = Release|Any CPU
	EndGlobalSection
	GlobalSection(ProjectConfigurationPlatforms) = postSolution
		{EB2967AD-A7C2-4CDC-869D-F01A31D0CF6E}.Debug|Any CPU.ActiveCfg = Debug|Any CPU
		{EB2967AD-A7C2-4CDC-869D-F01A31D0CF6E}.Debug|Any CPU.Build.0 = Debug|Any CPU
		{EB2967AD-A7C2-4CDC-869D-F01A31D0CF6E}.Release|Any CPU.ActiveCfg = Release|Any CPU
		{EB2967AD-A7C2-4CDC-869D-F01A31D0CF6E}.Release|Any CPU.Build.0 = Release|Any CPU
		{E4DB4D8C-8AE4-4044-B3D6-A1412FE34100}.Debug|Any CPU.ActiveCfg = Debug|Any CPU
		{E4DB4D8C-8AE4-4044-B3D6-A1412FE34100}.Debug|Any CPU.Build.0 = Debug|Any CPU
		{E4DB4D8C-8AE4-4044-B3D6-A1412FE34100}.Release|Any CPU.ActiveCfg = Release|Any CPU
		{E4DB4D8C-8AE4-4044-B3D6-A1412FE34100}.Release|Any CPU.Build.0 = Release|Any CPU
		{F153CD4B-6C1B-459E-A327-4C2B40DBDE0E}.Debug|Any CPU.ActiveCfg = Debug|Any CPU
		{F153CD4B-6C1B-459E-A327-4C2B40DBDE0E}.Debug|Any CPU.Build.0 = Debug|Any CPU
		{F153CD4B-6C1B-459E-A327-4C2B40DBDE0E}.Release|Any CPU.ActiveCfg = Release|Any CPU
		{F153CD4B-6C1B-459E-A327-4C2B40DBDE0E}.Release|Any CPU.Build.0 = Release|Any CPU
		{22AA60EC-62B0-42D0-B872-B22600A33E7A}.Debug|Any CPU.ActiveCfg = Debug|Any CPU
		{22AA60EC-62B0-42D0-B872-B22600A33E7A}.Debug|Any CPU.Build.0 = Debug|Any CPU
		{22AA60EC-62B0-42D0-B872-B22600A33E7A}.Release|Any CPU.ActiveCfg = Release|Any CPU
		{22AA60EC-62B0-42D0-B872-B22600A33E7A}.Release|Any CPU.Build.0 = Release|Any CPU
		{25AC1E33-0FAE-4B54-A47A-56DE3A1FBAEB}.Debug|Any CPU.ActiveCfg = Debug|Any CPU
		{25AC1E33-0FAE-4B54-A47A-56DE3A1FBAEB}.Debug|Any CPU.Build.0 = Debug|Any CPU
		{25AC1E33-0FAE-4B54-A47A-56DE3A1FBAEB}.Release|Any CPU.ActiveCfg = Release|Any CPU
		{25AC1E33-0FAE-4B54-A47A-56DE3A1FBAEB}.Release|Any CPU.Build.0 = Release|Any CPU
		{5308EFC7-8DE3-4711-87C3-6660CC8A9FC1}.Debug|Any CPU.ActiveCfg = Debug|Any CPU
		{5308EFC7-8DE3-4711-87C3-6660CC8A9FC1}.Debug|Any CPU.Build.0 = Debug|Any CPU
		{5308EFC7-8DE3-4711-87C3-6660CC8A9FC1}.Release|Any CPU.ActiveCfg = Release|Any CPU
		{5308EFC7-8DE3-4711-87C3-6660CC8A9FC1}.Release|Any CPU.Build.0 = Release|Any CPU
		{4E2C9B15-774A-46EC-881B-202663C24F20}.Debug|Any CPU.ActiveCfg = Debug|Any CPU
		{4E2C9B15-774A-46EC-881B-202663C24F20}.Debug|Any CPU.Build.0 = Debug|Any CPU
		{4E2C9B15-774A-46EC-881B-202663C24F20}.Release|Any CPU.ActiveCfg = Release|Any CPU
		{4E2C9B15-774A-46EC-881B-202663C24F20}.Release|Any CPU.Build.0 = Release|Any CPU
	EndGlobalSection
EndGlobal
